
Microsoft Visual Studio Solution File, Format Version 12.00
# Visual Studio 15
VisualStudioVersion = 15.0.27004.2006
MinimumVisualStudioVersion = 10.0.40219.1
Project("{FAE04EC0-301F-11D3-BF4B-00C04F79EFBC}") = "SR.Xam.Sample.Android", "SR.Xam.Sample\SR.Xam.Sample.Android\SR.Xam.Sample.Android.csproj", "{A5A37F8A-BB6D-4C1A-91E1-48E90A921D59}"
EndProject
Project("{FAE04EC0-301F-11D3-BF4B-00C04F79EFBC}") = "SR.Xam.Sample", "SR.Xam.Sample\SR.Xam.Sample\SR.Xam.Sample.csproj", "{7AC78DD7-91F5-4F98-910A-C6F1F8D3AB1F}"
EndProject
Project("{FAE04EC0-301F-11D3-BF4B-00C04F79EFBC}") = "SR.Xam.Sample.iOS", "SR.Xam.Sample\SR.Xam.Sample.iOS\SR.Xam.Sample.iOS.csproj", "{7A865101-2A51-4AD1-BD55-EAAAF884BAC4}"
EndProject
Global
	GlobalSection(SolutionConfigurationPlatforms) = preSolution
		Ad-Hoc|Any CPU = Ad-Hoc|Any CPU
		Ad-Hoc|iPhone = Ad-Hoc|iPhone
		Ad-Hoc|iPhoneSimulator = Ad-Hoc|iPhoneSimulator
		AppStore|Any CPU = AppStore|Any CPU
		AppStore|iPhone = AppStore|iPhone
		AppStore|iPhoneSimulator = AppStore|iPhoneSimulator
		Debug|Any CPU = Debug|Any CPU
		Debug|iPhone = Debug|iPhone
		Debug|iPhoneSimulator = Debug|iPhoneSimulator
		Release|Any CPU = Release|Any CPU
		Release|iPhone = Release|iPhone
		Release|iPhoneSimulator = Release|iPhoneSimulator
	EndGlobalSection
	GlobalSection(ProjectConfigurationPlatforms) = postSolution
		{A5A37F8A-BB6D-4C1A-91E1-48E90A921D59}.Ad-Hoc|Any CPU.ActiveCfg = Release|Any CPU
		{A5A37F8A-BB6D-4C1A-91E1-48E90A921D59}.Ad-Hoc|Any CPU.Build.0 = Release|Any CPU
		{A5A37F8A-BB6D-4C1A-91E1-48E90A921D59}.Ad-Hoc|Any CPU.Deploy.0 = Release|Any CPU
		{A5A37F8A-BB6D-4C1A-91E1-48E90A921D59}.Ad-Hoc|iPhone.ActiveCfg = Release|Any CPU
		{A5A37F8A-BB6D-4C1A-91E1-48E90A921D59}.Ad-Hoc|iPhone.Build.0 = Release|Any CPU
		{A5A37F8A-BB6D-4C1A-91E1-48E90A921D59}.Ad-Hoc|iPhone.Deploy.0 = Release|Any CPU
		{A5A37F8A-BB6D-4C1A-91E1-48E90A921D59}.Ad-Hoc|iPhoneSimulator.ActiveCfg = Release|Any CPU
		{A5A37F8A-BB6D-4C1A-91E1-48E90A921D59}.Ad-Hoc|iPhoneSimulator.Build.0 = Release|Any CPU
		{A5A37F8A-BB6D-4C1A-91E1-48E90A921D59}.Ad-Hoc|iPhoneSimulator.Deploy.0 = Release|Any CPU
		{A5A37F8A-BB6D-4C1A-91E1-48E90A921D59}.AppStore|Any CPU.ActiveCfg = Release|Any CPU
		{A5A37F8A-BB6D-4C1A-91E1-48E90A921D59}.AppStore|Any CPU.Build.0 = Release|Any CPU
		{A5A37F8A-BB6D-4C1A-91E1-48E90A921D59}.AppStore|Any CPU.Deploy.0 = Release|Any CPU
		{A5A37F8A-BB6D-4C1A-91E1-48E90A921D59}.AppStore|iPhone.ActiveCfg = Release|Any CPU
		{A5A37F8A-BB6D-4C1A-91E1-48E90A921D59}.AppStore|iPhone.Build.0 = Release|Any CPU
		{A5A37F8A-BB6D-4C1A-91E1-48E90A921D59}.AppStore|iPhone.Deploy.0 = Release|Any CPU
		{A5A37F8A-BB6D-4C1A-91E1-48E90A921D59}.AppStore|iPhoneSimulator.ActiveCfg = Release|Any CPU
		{A5A37F8A-BB6D-4C1A-91E1-48E90A921D59}.AppStore|iPhoneSimulator.Build.0 = Release|Any CPU
		{A5A37F8A-BB6D-4C1A-91E1-48E90A921D59}.AppStore|iPhoneSimulator.Deploy.0 = Release|Any CPU
		{A5A37F8A-BB6D-4C1A-91E1-48E90A921D59}.Debug|Any CPU.ActiveCfg = Debug|Any CPU
		{A5A37F8A-BB6D-4C1A-91E1-48E90A921D59}.Debug|Any CPU.Build.0 = Debug|Any CPU
		{A5A37F8A-BB6D-4C1A-91E1-48E90A921D59}.Debug|Any CPU.Deploy.0 = Debug|Any CPU
		{A5A37F8A-BB6D-4C1A-91E1-48E90A921D59}.Debug|iPhone.ActiveCfg = Debug|Any CPU
		{A5A37F8A-BB6D-4C1A-91E1-48E90A921D59}.Debug|iPhone.Build.0 = Debug|Any CPU
		{A5A37F8A-BB6D-4C1A-91E1-48E90A921D59}.Debug|iPhone.Deploy.0 = Debug|Any CPU
		{A5A37F8A-BB6D-4C1A-91E1-48E90A921D59}.Debug|iPhoneSimulator.ActiveCfg = Debug|Any CPU
		{A5A37F8A-BB6D-4C1A-91E1-48E90A921D59}.Debug|iPhoneSimulator.Build.0 = Debug|Any CPU
		{A5A37F8A-BB6D-4C1A-91E1-48E90A921D59}.Debug|iPhoneSimulator.Deploy.0 = Debug|Any CPU
		{A5A37F8A-BB6D-4C1A-91E1-48E90A921D59}.Release|Any CPU.ActiveCfg = Release|Any CPU
		{A5A37F8A-BB6D-4C1A-91E1-48E90A921D59}.Release|Any CPU.Build.0 = Release|Any CPU
		{A5A37F8A-BB6D-4C1A-91E1-48E90A921D59}.Release|Any CPU.Deploy.0 = Release|Any CPU
		{A5A37F8A-BB6D-4C1A-91E1-48E90A921D59}.Release|iPhone.ActiveCfg = Release|Any CPU
		{A5A37F8A-BB6D-4C1A-91E1-48E90A921D59}.Release|iPhone.Build.0 = Release|Any CPU
		{A5A37F8A-BB6D-4C1A-91E1-48E90A921D59}.Release|iPhone.Deploy.0 = Release|Any CPU
		{A5A37F8A-BB6D-4C1A-91E1-48E90A921D59}.Release|iPhoneSimulator.ActiveCfg = Release|Any CPU
		{A5A37F8A-BB6D-4C1A-91E1-48E90A921D59}.Release|iPhoneSimulator.Build.0 = Release|Any CPU
		{A5A37F8A-BB6D-4C1A-91E1-48E90A921D59}.Release|iPhoneSimulator.Deploy.0 = Release|Any CPU
		{7AC78DD7-91F5-4F98-910A-C6F1F8D3AB1F}.Ad-Hoc|Any CPU.ActiveCfg = Release|Any CPU
		{7AC78DD7-91F5-4F98-910A-C6F1F8D3AB1F}.Ad-Hoc|Any CPU.Build.0 = Release|Any CPU
		{7AC78DD7-91F5-4F98-910A-C6F1F8D3AB1F}.Ad-Hoc|iPhone.ActiveCfg = Release|Any CPU
		{7AC78DD7-91F5-4F98-910A-C6F1F8D3AB1F}.Ad-Hoc|iPhone.Build.0 = Release|Any CPU
		{7AC78DD7-91F5-4F98-910A-C6F1F8D3AB1F}.Ad-Hoc|iPhoneSimulator.ActiveCfg = Release|Any CPU
		{7AC78DD7-91F5-4F98-910A-C6F1F8D3AB1F}.Ad-Hoc|iPhoneSimulator.Build.0 = Release|Any CPU
		{7AC78DD7-91F5-4F98-910A-C6F1F8D3AB1F}.AppStore|Any CPU.ActiveCfg = Release|Any CPU
		{7AC78DD7-91F5-4F98-910A-C6F1F8D3AB1F}.AppStore|Any CPU.Build.0 = Release|Any CPU
		{7AC78DD7-91F5-4F98-910A-C6F1F8D3AB1F}.AppStore|iPhone.ActiveCfg = Release|Any CPU
		{7AC78DD7-91F5-4F98-910A-C6F1F8D3AB1F}.AppStore|iPhone.Build.0 = Release|Any CPU
		{7AC78DD7-91F5-4F98-910A-C6F1F8D3AB1F}.AppStore|iPhoneSimulator.ActiveCfg = Release|Any CPU
		{7AC78DD7-91F5-4F98-910A-C6F1F8D3AB1F}.AppStore|iPhoneSimulator.Build.0 = Release|Any CPU
		{7AC78DD7-91F5-4F98-910A-C6F1F8D3AB1F}.Debug|Any CPU.ActiveCfg = Debug|Any CPU
		{7AC78DD7-91F5-4F98-910A-C6F1F8D3AB1F}.Debug|Any CPU.Build.0 = Debug|Any CPU
		{7AC78DD7-91F5-4F98-910A-C6F1F8D3AB1F}.Debug|iPhone.ActiveCfg = Debug|Any CPU
		{7AC78DD7-91F5-4F98-910A-C6F1F8D3AB1F}.Debug|iPhone.Build.0 = Debug|Any CPU
		{7AC78DD7-91F5-4F98-910A-C6F1F8D3AB1F}.Debug|iPhoneSimulator.ActiveCfg = Debug|Any CPU
		{7AC78DD7-91F5-4F98-910A-C6F1F8D3AB1F}.Debug|iPhoneSimulator.Build.0 = Debug|Any CPU
		{7AC78DD7-91F5-4F98-910A-C6F1F8D3AB1F}.Release|Any CPU.ActiveCfg = Release|Any CPU
		{7AC78DD7-91F5-4F98-910A-C6F1F8D3AB1F}.Release|Any CPU.Build.0 = Release|Any CPU
		{7AC78DD7-91F5-4F98-910A-C6F1F8D3AB1F}.Release|iPhone.ActiveCfg = Release|Any CPU
		{7AC78DD7-91F5-4F98-910A-C6F1F8D3AB1F}.Release|iPhone.Build.0 = Release|Any CPU
		{7AC78DD7-91F5-4F98-910A-C6F1F8D3AB1F}.Release|iPhoneSimulator.ActiveCfg = Release|Any CPU
		{7AC78DD7-91F5-4F98-910A-C6F1F8D3AB1F}.Release|iPhoneSimulator.Build.0 = Release|Any CPU
		{7A865101-2A51-4AD1-BD55-EAAAF884BAC4}.Ad-Hoc|Any CPU.ActiveCfg = Ad-Hoc|iPhoneSimulator
		{7A865101-2A51-4AD1-BD55-EAAAF884BAC4}.Ad-Hoc|iPhone.ActiveCfg = Ad-Hoc|iPhone
		{7A865101-2A51-4AD1-BD55-EAAAF884BAC4}.Ad-Hoc|iPhone.Build.0 = Ad-Hoc|iPhone
		{7A865101-2A51-4AD1-BD55-EAAAF884BAC4}.Ad-Hoc|iPhoneSimulator.ActiveCfg = Ad-Hoc|iPhoneSimulator
		{7A865101-2A51-4AD1-BD55-EAAAF884BAC4}.Ad-Hoc|iPhoneSimulator.Build.0 = Ad-Hoc|iPhoneSimulator
		{7A865101-2A51-4AD1-BD55-EAAAF884BAC4}.AppStore|Any CPU.ActiveCfg = AppStore|iPhoneSimulator
		{7A865101-2A51-4AD1-BD55-EAAAF884BAC4}.AppStore|iPhone.ActiveCfg = AppStore|iPhone
		{7A865101-2A51-4AD1-BD55-EAAAF884BAC4}.AppStore|iPhone.Build.0 = AppStore|iPhone
		{7A865101-2A51-4AD1-BD55-EAAAF884BAC4}.AppStore|iPhoneSimulator.ActiveCfg = AppStore|iPhoneSimulator
		{7A865101-2A51-4AD1-BD55-EAAAF884BAC4}.AppStore|iPhoneSimulator.Build.0 = AppStore|iPhoneSimulator
		{7A865101-2A51-4AD1-BD55-EAAAF884BAC4}.Debug|Any CPU.ActiveCfg = Debug|iPhoneSimulator
		{7A865101-2A51-4AD1-BD55-EAAAF884BAC4}.Debug|iPhone.ActiveCfg = Debug|iPhone
		{7A865101-2A51-4AD1-BD55-EAAAF884BAC4}.Debug|iPhone.Build.0 = Debug|iPhone
		{7A865101-2A51-4AD1-BD55-EAAAF884BAC4}.Debug|iPhoneSimulator.ActiveCfg = Debug|iPhoneSimulator
		{7A865101-2A51-4AD1-BD55-EAAAF884BAC4}.Debug|iPhoneSimulator.Build.0 = Debug|iPhoneSimulator
		{7A865101-2A51-4AD1-BD55-EAAAF884BAC4}.Release|Any CPU.ActiveCfg = Release|iPhoneSimulator
		{7A865101-2A51-4AD1-BD55-EAAAF884BAC4}.Release|iPhone.ActiveCfg = Release|iPhone
		{7A865101-2A51-4AD1-BD55-EAAAF884BAC4}.Release|iPhone.Build.0 = Release|iPhone
		{7A865101-2A51-4AD1-BD55-EAAAF884BAC4}.Release|iPhoneSimulator.ActiveCfg = Release|iPhoneSimulator
		{7A865101-2A51-4AD1-BD55-EAAAF884BAC4}.Release|iPhoneSimulator.Build.0 = Release|iPhoneSimulator
	EndGlobalSection
	GlobalSection(SolutionProperties) = preSolution
		HideSolutionNode = FALSE
	EndGlobalSection
	GlobalSection(ExtensibilityGlobals) = postSolution
		SolutionGuid = {8C0503D8-D825-44F2-9AE1-58333EEB1539}
	EndGlobalSection
EndGlobal
